
Microsoft Visual Studio Solution File, Format Version 12.00
# Visual Studio Version 16
VisualStudioVersion = 16.0.32228.343
MinimumVisualStudioVersion = 10.0.40219.1
Project("{FAE04EC0-301F-11D3-BF4B-00C04F79EFBC}") = "OnlineExaminationSystem1", "OnlineExaminationSystem1.csproj", "{0129EEC7-34A1-4453-80D0-C20E7DB44913}"
EndProject
Global
	GlobalSection(SolutionConfigurationPlatforms) = preSolution
		Debug|Any CPU = Debug|Any CPU
		Release|Any CPU = Release|Any CPU
	EndGlobalSection
	GlobalSection(ProjectConfigurationPlatforms) = postSolution
		{0129EEC7-34A1-4453-80D0-C20E7DB44913}.Debug|Any CPU.ActiveCfg = Debug|Any CPU
		{0129EEC7-34A1-4453-80D0-C20E7DB44913}.Debug|Any CPU.Build.0 = Debug|Any CPU
		{0129EEC7-34A1-4453-80D0-C20E7DB44913}.Release|Any CPU.ActiveCfg = Release|Any CPU
		{0129EEC7-34A1-4453-80D0-C20E7DB44913}.Release|Any CPU.Build.0 = Release|Any CPU
	EndGlobalSection
	GlobalSection(SolutionProperties) = preSolution
		HideSolutionNode = FALSE
	EndGlobalSection
	GlobalSection(ExtensibilityGlobals) = postSolution
		SolutionGuid = {A55C86E1-EBD1-4F13-8C6C-8BA4168156C4}
	EndGlobalSection
EndGlobal
